PODS:
  - ar_unity_plugin (0.0.1):
    - Flutter
  - arcore_flutter_plugin (0.0.1):
    - Flutter
  - arkit_plugin (0.0.1):
    - Flutter
  - artoolkit_flutter_plugin (0.0.1):
    - Flutter
  - audiofileplayer (0.0.1):
    - Flutter
  - audioplayers (0.0.1):
    - Flutter
  - device_info (0.0.1):
    - Flutter
  - Firebase/CoreOnly (8.7.0):
    - FirebaseCore (= 8.7.0)
  - Firebase/Messaging (8.7.0):
    - Firebase/CoreOnly
    - FirebaseMessaging (~> 8.7.0)
  - firebase_core (1.7.0):
    - Firebase/CoreOnly (= 8.7.0)
    - Flutter
  - firebase_messaging (10.0.8):
    - Firebase/Messaging (= 8.7.0)
    - firebase_core
    - Flutter
  - FirebaseCore (8.7.0):
    - FirebaseCoreDiagnostics (~> 8.0)
    - GoogleUtilities/Environment (~> 7.4)
    - GoogleUtilities/Logger (~> 7.4)
  - FirebaseCoreDiagnostics (8.8.0):
    - GoogleDataTransport (~> 9.0)
    - GoogleUtilities/Environment (~> 7.4)
    - GoogleUtilities/Logger (~> 7.4)
    - nanopb (~> 2.30908.0)
  - FirebaseFirestore (8.6.0):
    - FirebaseFirestore/AutodetectLeveldb (= 8.6.0)
  - FirebaseFirestore/AutodetectLeveldb (8.6.0):
    - FirebaseFirestore/Base
    - FirebaseFirestore/WithLeveldb
  - FirebaseFirestore/Base (8.6.0)
  - FirebaseFirestore/WithLeveldb (8.6.0):
    - FirebaseFirestore/Base
  - FirebaseInstallations (8.8.0):
    - FirebaseCore (~> 8.0)
    - GoogleUtilities/Environment (~> 7.4)
    - GoogleUtilities/UserDefaults (~> 7.4)
    - PromisesObjC (< 3.0, >= 1.2)
  - FirebaseMessaging (8.7.0):
    - FirebaseCore (~> 8.0)
    - FirebaseInstallations (~> 8.0)
    - GoogleDataTransport (~> 9.0)
    - GoogleUtilities/AppDelegateSwizzler (~> 7.4)
    - GoogleUtilities/Environment (~> 7.4)
    - GoogleUtilities/Reachability (~> 7.4)
    - GoogleUtilities/UserDefaults (~> 7.4)
    - nanopb (~> 2.30908.0)
  - Flutter (1.0.0)
  - flutter_apple_pay (0.0.1):
    - Flutter
  - flutter_exif_rotation (0.3.0):
    - Flutter
  - flutter_google_pay (0.0.1):
    - Flutter
  - flutter_inappwebview (0.0.1):
    - Flutter
    - flutter_inappwebview/Core (= 0.0.1)
    - OrderedSet (~> 5.0)
  - flutter_inappwebview/Core (0.0.1):
    - Flutter
    - OrderedSet (~> 5.0)
  - flutter_keyboard_visibility (0.0.1):
    - Flutter
  - flutter_line_pay (0.0.1):
    - Flutter
  - flutter_unity_widget (4.0.0):
    - Flutter
  - FMDB (2.7.5):
    - FMDB/standard (= 2.7.5)
  - FMDB/standard (2.7.5)
  - google_maps_flutter (0.0.1):
    - Flutter
    - GoogleMaps
  - GoogleDataTransport (9.1.0):
    - GoogleUtilities/Environment (~> 7.2)
    - nanopb (~> 2.30908.0)
    - PromisesObjC (< 3.0, >= 1.2)
  - GoogleMaps (5.1.0):
    - GoogleMaps/Maps (= 5.1.0)
  - GoogleMaps/Base (5.1.0)
  - GoogleMaps/Maps (5.1.0):
    - GoogleMaps/Base
  - GoogleUtilities/AppDelegateSwizzler (7.5.2):
    - GoogleUtilities/Environment
    - GoogleUtilities/Logger
    - GoogleUtilities/Network
  - GoogleUtilities/Environment (7.5.2):
    - PromisesObjC (< 3.0, >= 1.2)
  - GoogleUtilities/Logger (7.5.2):
    - GoogleUtilities/Environment
  - GoogleUtilities/Network (7.5.2):
    - GoogleUtilities/Logger
    - "GoogleUtilities/NSData+zlib"
    - GoogleUtilities/Reachability
  - "GoogleUtilities/NSData+zlib (7.5.2)"
  - GoogleUtilities/Reachability (7.5.2):
    - GoogleUtilities/Logger
  - GoogleUtilities/UserDefaults (7.5.2):
    - GoogleUtilities/Logger
  - image_composition (0.0.1):
    - Flutter
  - image_picker (0.0.1):
    - Flutter
  - location (0.0.1):
    - Flutter
  - nanopb (2.30908.0):
    - nanopb/decode (= 2.30908.0)
    - nanopb/encode (= 2.30908.0)
  - nanopb/decode (2.30908.0)
  - nanopb/encode (2.30908.0)
  - OrderedSet (5.0.0)
  - package_info (0.0.1):
    - Flutter
  - path_provider_ios (0.0.1):
    - Flutter
  - "permission_handler (5.1.0+2)":
    - Flutter
  - PromisesObjC (2.0.0)
  - qrcode_flutter (0.0.1):
    - Flutter
  - share (0.0.1):
    - Flutter
  - shared_preferences (0.0.1):
    - Flutter
  - sound_mode_plugin (0.0.1):
    - Flutter
  - sqflite (0.0.2):
    - Flutter
    - FMDB (>= 2.7.5)
  - Stripe (22.0.0):
    - Stripe/Stripe3DS2 (= 22.0.0)
    - StripeApplePay (= 22.0.0)
    - StripeCore (= 22.0.0)
    - StripeUICore (= 22.0.0)
  - Stripe/Stripe3DS2 (22.0.0):
    - StripeApplePay (= 22.0.0)
    - StripeCore (= 22.0.0)
    - StripeUICore (= 22.0.0)
  - stripe_ios (0.0.1):
    - Flutter
    - Stripe (~> 22.0.0)
    - StripeConnections (~> 22.0.0)
  - StripeApplePay (22.0.0):
    - StripeCore (= 22.0.0)
  - StripeConnections (22.0.0):
    - StripeCore (= 22.0.0)
    - StripeUICore (= 22.0.0)
  - StripeCore (22.0.0)
  - StripeUICore (22.0.0):
    - StripeCore (= 22.0.0)
  - url_launcher (0.0.1):
    - Flutter
  - video_player (0.0.1):
    - Flutter
  - wakelock (0.0.1):
    - Flutter

DEPENDENCIES:
  - ar_unity_plugin (from `.symlinks/plugins/ar_unity_plugin/ios`)
  - arcore_flutter_plugin (from `.symlinks/plugins/arcore_flutter_plugin/ios`)
  - arkit_plugin (from `.symlinks/plugins/arkit_plugin/ios`)
  - artoolkit_flutter_plugin (from `.symlinks/plugins/artoolkit_flutter_plugin/ios`)
  - audiofileplayer (from `.symlinks/plugins/audiofileplayer/ios`)
  - audioplayers (from `.symlinks/plugins/audioplayers/ios`)
  - device_info (from `.symlinks/plugins/device_info/ios`)
  - firebase_core (from `.symlinks/plugins/firebase_core/ios`)
  - firebase_messaging (from `.symlinks/plugins/firebase_messaging/ios`)
  - FirebaseFirestore (from `https://github.com/invertase/firestore-ios-sdk-frameworks.git`, tag `8.6.0`)
  - Flutter (from `Flutter`)
  - flutter_apple_pay (from `.symlinks/plugins/flutter_apple_pay/ios`)
  - flutter_exif_rotation (from `.symlinks/plugins/flutter_exif_rotation/ios`)
  - flutter_google_pay (from `.symlinks/plugins/flutter_google_pay/ios`)
  - flutter_inappwebview (from `.symlinks/plugins/flutter_inappwebview/ios`)
  - flutter_keyboard_visibility (from `.symlinks/plugins/flutter_keyboard_visibility/ios`)
  - flutter_line_pay (from `.symlinks/plugins/flutter_line_pay/ios`)
  - flutter_unity_widget (from `.symlinks/plugins/flutter_unity_widget/ios`)
  - google_maps_flutter (from `.symlinks/plugins/google_maps_flutter/ios`)
  - image_composition (from `.symlinks/plugins/image_composition/ios`)
  - image_picker (from `.symlinks/plugins/image_picker/ios`)
  - location (from `.symlinks/plugins/location/ios`)
  - package_info (from `.symlinks/plugins/package_info/ios`)
  - path_provider_ios (from `.symlinks/plugins/path_provider_ios/ios`)
  - permission_handler (from `.symlinks/plugins/permission_handler/ios`)
  - qrcode_flutter (from `.symlinks/plugins/qrcode_flutter/ios`)
  - share (from `.symlinks/plugins/share/ios`)
  - shared_preferences (from `.symlinks/plugins/shared_preferences/ios`)
  - sound_mode_plugin (from `.symlinks/plugins/sound_mode_plugin/ios`)
  - sqflite (from `.symlinks/plugins/sqflite/ios`)
  - stripe_ios (from `.symlinks/plugins/stripe_ios/ios`)
  - url_launcher (from `.symlinks/plugins/url_launcher/ios`)
  - video_player (from `.symlinks/plugins/video_player/ios`)
  - wakelock (from `.symlinks/plugins/wakelock/ios`)

SPEC REPOS:
  trunk:
    - Firebase
    - FirebaseCore
    - FirebaseCoreDiagnostics
    - FirebaseInstallations
    - FirebaseMessaging
    - FMDB
    - GoogleDataTransport
    - GoogleMaps
    - GoogleUtilities
    - nanopb
    - OrderedSet
    - PromisesObjC
    - Stripe
    - StripeApplePay
    - StripeConnections
    - StripeCore
    - StripeUICore

EXTERNAL SOURCES:
  ar_unity_plugin:
    :path: ".symlinks/plugins/ar_unity_plugin/ios"
  arcore_flutter_plugin:
    :path: ".symlinks/plugins/arcore_flutter_plugin/ios"
  arkit_plugin:
    :path: ".symlinks/plugins/arkit_plugin/ios"
  artoolkit_flutter_plugin:
    :path: ".symlinks/plugins/artoolkit_flutter_plugin/ios"
  audiofileplayer:
    :path: ".symlinks/plugins/audiofileplayer/ios"
  audioplayers:
    :path: ".symlinks/plugins/audioplayers/ios"
  device_info:
    :path: ".symlinks/plugins/device_info/ios"
  firebase_core:
    :path: ".symlinks/plugins/firebase_core/ios"
  firebase_messaging:
    :path: ".symlinks/plugins/firebase_messaging/ios"
  FirebaseFirestore:
    :git: https://github.com/invertase/firestore-ios-sdk-frameworks.git
    :tag: 8.6.0
  Flutter:
    :path: Flutter
  flutter_apple_pay:
    :path: ".symlinks/plugins/flutter_apple_pay/ios"
  flutter_exif_rotation:
    :path: ".symlinks/plugins/flutter_exif_rotation/ios"
  flutter_google_pay:
    :path: ".symlinks/plugins/flutter_google_pay/ios"
  flutter_inappwebview:
    :path: ".symlinks/plugins/flutter_inappwebview/ios"
  flutter_keyboard_visibility:
    :path: ".symlinks/plugins/flutter_keyboard_visibility/ios"
  flutter_line_pay:
    :path: ".symlinks/plugins/flutter_line_pay/ios"
  flutter_unity_widget:
    :path: ".symlinks/plugins/flutter_unity_widget/ios"
  google_maps_flutter:
    :path: ".symlinks/plugins/google_maps_flutter/ios"
  image_composition:
    :path: ".symlinks/plugins/image_composition/ios"
  image_picker:
    :path: ".symlinks/plugins/image_picker/ios"
  location:
    :path: ".symlinks/plugins/location/ios"
  package_info:
    :path: ".symlinks/plugins/package_info/ios"
  path_provider_ios:
    :path: ".symlinks/plugins/path_provider_ios/ios"
  permission_handler:
    :path: ".symlinks/plugins/permission_handler/ios"
  qrcode_flutter:
    :path: ".symlinks/plugins/qrcode_flutter/ios"
  share:
    :path: ".symlinks/plugins/share/ios"
  shared_preferences:
    :path: ".symlinks/plugins/shared_preferences/ios"
  sound_mode_plugin:
    :path: ".symlinks/plugins/sound_mode_plugin/ios"
  sqflite:
    :path: ".symlinks/plugins/sqflite/ios"
  stripe_ios:
    :path: ".symlinks/plugins/stripe_ios/ios"
  url_launcher:
    :path: ".symlinks/plugins/url_launcher/ios"
  video_player:
    :path: ".symlinks/plugins/video_player/ios"
  wakelock:
    :path: ".symlinks/plugins/wakelock/ios"

CHECKOUT OPTIONS:
  FirebaseFirestore:
    :git: https://github.com/invertase/firestore-ios-sdk-frameworks.git
    :tag: 8.6.0

SPEC CHECKSUMS:
  ar_unity_plugin: bfaf6f893e8be1def85e384ce001dec4dc050678
  arcore_flutter_plugin: 59886964cab86408a05fd43442ca780a45ccdb87
  arkit_plugin: 7f6c4d31b56ab9172ac730947446aa543206233e
  artoolkit_flutter_plugin: 7bface15db794822eb833ffc4cc0ce9b922ce77c
  audiofileplayer: 4aaff759a721ec3a850a682e0d9ec554e5f9e86f
  audioplayers: 455322b54050b30ea4b1af7cd9e9d105f74efa8c
  device_info: d7d233b645a32c40dfdc212de5cf646ca482f175
  Firebase: bc9325d5ee2041524bac78a5213d0e530c651309
  firebase_core: f5ac1f2726a2bd0468cea0161eddeea3d83d7e3e
  firebase_messaging: cfee8830477d2f1875e027a65cce7f6239ebf583
  FirebaseCore: f4804c1d3f4bbbefc88904d15653038f2c99ddf7
  FirebaseCoreDiagnostics: fe77f42da6329d6d83d21fd9d621a6b704413bfc
  FirebaseFirestore: 113b2724b363d79c98c965f43e8af970745c13f3
  FirebaseInstallations: 2563cb18a723ef9c6ef18318a49519b75dce613c
  FirebaseMessaging: 93227dd71d7888e200baef65043f81acb2b6596e
  Flutter: 50d75fe2f02b26cc09d224853bb45737f8b3214a
  flutter_apple_pay: 4adb8f00a2d283dac207df63fa8ee1ae870aace5
  flutter_exif_rotation: 36dbe4d0bb56b9f8d2cc99e3ad24dbb38b674ea9
  flutter_google_pay: 27051ca15ef1ed02f9cf4d71231ba80cba1eb5fe
  flutter_inappwebview: bfd58618f49dc62f2676de690fc6dcda1d6c3721
  flutter_keyboard_visibility: 0339d06371254c3eb25eeb90ba8d17dca8f9c069
  flutter_line_pay: 4993225453e462efade9ce6e8135232d92b5b26c
  flutter_unity_widget: e509f3109933aa0c63b1bc149ca3d5b90fb68543
  FMDB: 2ce00b547f966261cd18927a3ddb07cb6f3db82a
  google_maps_flutter: abdb8dee6c52d4be36ad131ee6ebfacd14417c5a
  GoogleDataTransport: 85fd18ff3019bb85d3f2c551d04c481dedf71fc9
  GoogleMaps: 086ae1dab659eaa7339bdb30fc88e2f44e7c597c
  GoogleUtilities: 8de2a97a17e15b6b98e38e8770e2d129a57c0040
  image_composition: 26f0ff65bacc36b07d7e1192dcb3aa54603697e9
  image_picker: 9aa50e1d8cdacdbed739e925b7eea16d014367e6
  location: 3a2eed4dd2fab25e7b7baf2a9efefe82b512d740
  nanopb: a0ba3315591a9ae0a16a309ee504766e90db0c96
  OrderedSet: aaeb196f7fef5a9edf55d89760da9176ad40b93c
  package_info: 873975fc26034f0b863a300ad47e7f1ac6c7ec62
  path_provider_ios: 7d7ce634493af4477d156294792024ec3485acd5
  permission_handler: ccb20a9fad0ee9b1314a52b70b76b473c5f8dab0
  PromisesObjC: 68159ce6952d93e17b2dfe273b8c40907db5ba58
  qrcode_flutter: de88a439c5eebe01b38b647af520e674770d4462
  share: 0b2c3e82132f5888bccca3351c504d0003b3b410
  shared_preferences: 5033afbb22d372e15aff8ff766df9021b845f273
  sound_mode_plugin: 3f1c251214d8d7bf22233454a165a7061ffaa9eb
  sqflite: 6d358c025f5b867b29ed92fc697fd34924e11904
  Stripe: ee32e594fa4dee4bdf2a8a3039f7fb07a21075dc
  stripe_ios: 4ae5942d4f2f383c2be5c187e6e4e4f31e29c0a5
  StripeApplePay: e09964f3e2c6b318e53a05c12f3cb7efc592484d
  StripeConnections: d3068bf688679a51932abb94d956d8a73c213bd7
  StripeCore: 689b9605ccb78e507f59ddc5e677615e0af16583
  StripeUICore: f5fe5ad283e132b40077b5eb85b625ebf7de034a
  url_launcher: b6e016d912f04be9f5bf6e8e82dc599b7ba59649
  video_player: ecd305f42e9044793efd34846e1ce64c31ea6fcb
  wakelock: d0fc7c864128eac40eba1617cb5264d9c940b46f

PODFILE CHECKSUM: 391d35e8977a127622b7d9bd798fc34648f1c71f

COCOAPODS: 1.11.3
